// !$*UTF8*$!
{
	archiveVersion = 1;
	classes = {
	};
	objectVersion = 46;
	objects = {

/* Begin PBXBuildFile section */
		E3FDDE351E2FED68002666D3 /* AppDelegate.swift in Sources */ = {isa = PBXBuildFile; fileRef = E3FDDE341E2FED68002666D3 /* AppDelegate.swift */; };
		E3FDDE371E2FED68002666D3 /* ItemListVC.swift in Sources */ = {isa = PBXBuildFile; fileRef = E3FDDE361E2FED68002666D3 /* ItemListVC.swift */; };
		E3FDDE3A1E2FED68002666D3 /* Main.storyboard in Resources */ = {isa = PBXBuildFile; fileRef = E3FDDE381E2FED68002666D3 /* Main.storyboard */; };
		E3FDDE3C1E2FED68002666D3 /* Assets.xcassets in Resources */ = {isa = PBXBuildFile; fileRef = E3FDDE3B1E2FED68002666D3 /* Assets.xcassets */; };
		E3FDDE3F1E2FED68002666D3 /* LaunchScreen.storyboard in Resources */ = {isa = PBXBuildFile; fileRef = E3FDDE3D1E2FED68002666D3 /* LaunchScreen.storyboard */; };
		E3FDDE4A1E2FED68002666D3 /* OneMarketTests.swift in Sources */ = {isa = PBXBuildFile; fileRef = E3FDDE491E2FED68002666D3 /* OneMarketTests.swift */; };
		F1016F811E2FF3BD000BBD63 /* ItemDetailsVC.swift in Sources */ = {isa = PBXBuildFile; fileRef = F1016F801E2FF3BD000BBD63 /* ItemDetailsVC.swift */; };
		F13C66FE1E2FF66100443D0E /* ItemAddVC.swift in Sources */ = {isa = PBXBuildFile; fileRef = F13C66FD1E2FF66100443D0E /* ItemAddVC.swift */; };
		F1A809AE1E30269A004DC2C6 /* ItemEditVC.swift in Sources */ = {isa = PBXBuildFile; fileRef = F1A809AD1E30269A004DC2C6 /* ItemEditVC.swift */; };
		F1A809B11E302F42004DC2C6 /* SegueId.swift in Sources */ = {isa = PBXBuildFile; fileRef = F1A809B01E302F42004DC2C6 /* SegueId.swift */; };
		F1A809B31E302FB1004DC2C6 /* CellId.swift in Sources */ = {isa = PBXBuildFile; fileRef = F1A809B21E302FB1004DC2C6 /* CellId.swift */; };
		F1A809B61E3031C5004DC2C6 /* ItemService.swift in Sources */ = {isa = PBXBuildFile; fileRef = F1A809B51E3031C5004DC2C6 /* ItemService.swift */; };
		F1A809B91E303351004DC2C6 /* Item.swift in Sources */ = {isa = PBXBuildFile; fileRef = F1A809B81E303351004DC2C6 /* Item.swift */; };
/* End PBXBuildFile section */

/* Begin PBXContainerItemProxy section */
		E3FDDE461E2FED68002666D3 /* PBXContainerItemProxy */ = {
			isa = PBXContainerItemProxy;
			containerPortal = E3FDDE291E2FED67002666D3 /* Project object */;
			proxyType = 1;
			remoteGlobalIDString = E3FDDE301E2FED67002666D3;
			remoteInfo = OneMarket;
		};
/* End PBXContainerItemProxy section */

/* Begin PBXFileReference section */
		E3FDDE311E2FED68002666D3 /* OneMarket.app */ = {isa = PBXFileReference; explicitFileType = wrapper.application; includeInIndex = 0; path = OneMarket.app; sourceTree = BUILT_PRODUCTS_DIR; };
		E3FDDE341E2FED68002666D3 /* AppDelegate.swift */ = {isa = PBXFileReference; lastKnownFileType = sourcecode.swift; path = AppDelegate.swift; sourceTree = "<group>"; };
		E3FDDE361E2FED68002666D3 /* ItemListVC.swift */ = {isa = PBXFileReference; lastKnownFileType = sourcecode.swift; path = ItemListVC.swift; sourceTree = "<group>"; };
		E3FDDE391E2FED68002666D3 /* Base */ = {isa = PBXFileReference; lastKnownFileType = file.storyboard; name = Base; path = Base.lproj/Main.storyboard; sourceTree = "<group>"; };
		E3FDDE3B1E2FED68002666D3 /* Assets.xcassets */ = {isa = PBXFileReference; lastKnownFileType = folder.assetcatalog; path = Assets.xcassets; sourceTree = "<group>"; };
		E3FDDE3E1E2FED68002666D3 /* Base */ = {isa = PBXFileReference; lastKnownFileType = file.storyboard; name = Base; path = Base.lproj/LaunchScreen.storyboard; sourceTree = "<group>"; };
		E3FDDE401E2FED68002666D3 /* Info.plist */ = {isa = PBXFileReference; lastKnownFileType = text.plist.xml; path = Info.plist; sourceTree = "<group>"; };
		E3FDDE451E2FED68002666D3 /* OneMarketTests.xctest */ = {isa = PBXFileReference; explicitFileType = wrapper.cfbundle; includeInIndex = 0; path = OneMarketTests.xctest; sourceTree = BUILT_PRODUCTS_DIR; };
		E3FDDE491E2FED68002666D3 /* OneMarketTests.swift */ = {isa = PBXFileReference; lastKnownFileType = sourcecode.swift; path = OneMarketTests.swift; sourceTree = "<group>"; };
		E3FDDE4B1E2FED68002666D3 /* Info.plist */ = {isa = PBXFileReference; lastKnownFileType = text.plist.xml; path = Info.plist; sourceTree = "<group>"; };
		F1016F801E2FF3BD000BBD63 /* ItemDetailsVC.swift */ = {isa = PBXFileReference; fileEncoding = 4; lastKnownFileType = sourcecode.swift; path = ItemDetailsVC.swift; sourceTree = "<group>"; };
		F13C66FD1E2FF66100443D0E /* ItemAddVC.swift */ = {isa = PBXFileReference; fileEncoding = 4; lastKnownFileType = sourcecode.swift; path = ItemAddVC.swift; sourceTree = "<group>"; };
		F1A809AD1E30269A004DC2C6 /* ItemEditVC.swift */ = {isa = PBXFileReference; fileEncoding = 4; lastKnownFileType = sourcecode.swift; path = ItemEditVC.swift; sourceTree = "<group>"; };
		F1A809B01E302F42004DC2C6 /* SegueId.swift */ = {isa = PBXFileReference; fileEncoding = 4; lastKnownFileType = sourcecode.swift; path = SegueId.swift; sourceTree = "<group>"; };
		F1A809B21E302FB1004DC2C6 /* CellId.swift */ = {isa = PBXFileReference; fileEncoding = 4; lastKnownFileType = sourcecode.swift; path = CellId.swift; sourceTree = "<group>"; };
		F1A809B51E3031C5004DC2C6 /* ItemService.swift */ = {isa = PBXFileReference; fileEncoding = 4; lastKnownFileType = sourcecode.swift; path = ItemService.swift; sourceTree = "<group>"; };
		F1A809B81E303351004DC2C6 /* Item.swift */ = {isa = PBXFileReference; fileEncoding = 4; lastKnownFileType = sourcecode.swift; path = Item.swift; sourceTree = "<group>"; };
/* End PBXFileReference section */

/* Begin PBXFrameworksBuildPhase section */
		E3FDDE2E1E2FED67002666D3 /* Frameworks */ = {
			isa = PBXFrameworksBuildPhase;
			buildActionMask = 2147483647;
			files = (
			);
			runOnlyForDeploymentPostprocessing = 0;
		};
		E3FDDE421E2FED68002666D3 /* Frameworks */ = {
			isa = PBXFrameworksBuildPhase;
			buildActionMask = 2147483647;
			files = (
			);
			runOnlyForDeploymentPostprocessing = 0;
		};
/* End PBXFrameworksBuildPhase section */

/* Begin PBXGroup section */
		E3FDDE281E2FED67002666D3 = {
			isa = PBXGroup;
			children = (
				E3FDDE331E2FED68002666D3 /* OneMarket */,
				E3FDDE481E2FED68002666D3 /* OneMarketTests */,
				E3FDDE321E2FED68002666D3 /* Products */,
			);
			sourceTree = "<group>";
		};
		E3FDDE321E2FED68002666D3 /* Products */ = {
			isa = PBXGroup;
			children = (
				E3FDDE311E2FED68002666D3 /* OneMarket.app */,
				E3FDDE451E2FED68002666D3 /* OneMarketTests.xctest */,
			);
			name = Products;
			sourceTree = "<group>";
		};
		E3FDDE331E2FED68002666D3 /* OneMarket */ = {
			isa = PBXGroup;
			children = (
				F1A809B71E303348004DC2C6 /* models */,
				F1A809B41E303164004DC2C6 /* services */,
				F1A809AF1E302F35004DC2C6 /* config */,
				F13C66FF1E2FF67A00443D0E /* controllers */,
				E3FDDE341E2FED68002666D3 /* AppDelegate.swift */,
				E3FDDE381E2FED68002666D3 /* Main.storyboard */,
				E3FDDE3B1E2FED68002666D3 /* Assets.xcassets */,
				E3FDDE3D1E2FED68002666D3 /* LaunchScreen.storyboard */,
				E3FDDE401E2FED68002666D3 /* Info.plist */,
			);
			path = OneMarket;
			sourceTree = "<group>";
		};
		E3FDDE481E2FED68002666D3 /* OneMarketTests */ = {
			isa = PBXGroup;
			children = (
				E3FDDE491E2FED68002666D3 /* OneMarketTests.swift */,
				E3FDDE4B1E2FED68002666D3 /* Info.plist */,
			);
			path = OneMarketTests;
			sourceTree = "<group>";
		};
		F13C66FF1E2FF67A00443D0E /* controllers */ = {
			isa = PBXGroup;
			children = (
				F1016F801E2FF3BD000BBD63 /* ItemDetailsVC.swift */,
				E3FDDE361E2FED68002666D3 /* ItemListVC.swift */,
				F13C66FD1E2FF66100443D0E /* ItemAddVC.swift */,
				F1A809AD1E30269A004DC2C6 /* ItemEditVC.swift */,
			);
			name = controllers;
			sourceTree = "<group>";
		};
		F1A809AF1E302F35004DC2C6 /* config */ = {
			isa = PBXGroup;
			children = (
				F1A809B01E302F42004DC2C6 /* SegueId.swift */,
				F1A809B21E302FB1004DC2C6 /* CellId.swift */,
			);
			name = config;
			sourceTree = "<group>";
		};
		F1A809B41E303164004DC2C6 /* services */ = {
			isa = PBXGroup;
			children = (
				F1A809B51E3031C5004DC2C6 /* ItemService.swift */,
			);
			name = services;
			sourceTree = "<group>";
		};
		F1A809B71E303348004DC2C6 /* models */ = {
			isa = PBXGroup;
			children = (
				F1A809B81E303351004DC2C6 /* Item.swift */,
			);
			name = models;
			sourceTree = "<group>";
		};
/* End PBXGroup section */

/* Begin PBXNativeTarget section */
		E3FDDE301E2FED67002666D3 /* OneMarket */ = {
			isa = PBXNativeTarget;
			buildConfigurationList = E3FDDE4E1E2FED68002666D3 /* Build configuration list for PBXNativeTarget "OneMarket" */;
			buildPhases = (
				E3FDDE2D1E2FED67002666D3 /* Sources */,
				E3FDDE2E1E2FED67002666D3 /* Frameworks */,
				E3FDDE2F1E2FED67002666D3 /* Resources */,
			);
			buildRules = (
			);
			dependencies = (
			);
			name = OneMarket;
			productName = OneMarket;
			productReference = E3FDDE311E2FED68002666D3 /* OneMarket.app */;
			productType = "com.apple.product-type.application";
		};
		E3FDDE441E2FED68002666D3 /* OneMarketTests */ = {
			isa = PBXNativeTarget;
			buildConfigurationList = E3FDDE511E2FED68002666D3 /* Build configuration list for PBXNativeTarget "OneMarketTests" */;
			buildPhases = (
				E3FDDE411E2FED68002666D3 /* Sources */,
				E3FDDE421E2FED68002666D3 /* Frameworks */,
				E3FDDE431E2FED68002666D3 /* Resources */,
			);
			buildRules = (
			);
			dependencies = (
				E3FDDE471E2FED68002666D3 /* PBXTargetDependency */,
			);
			name = OneMarketTests;
			productName = OneMarketTests;
			productReference = E3FDDE451E2FED68002666D3 /* OneMarketTests.xctest */;
			productType = "com.apple.product-type.bundle.unit-test";
		};
/* End PBXNativeTarget section */

/* Begin PBXProject section */
		E3FDDE291E2FED67002666D3 /* Project object */ = {
			isa = PBXProject;
			attributes = {
				LastSwiftUpdateCheck = 0820;
				LastUpgradeCheck = 0820;
				ORGANIZATIONNAME = "Flying Jar Inc.";
				TargetAttributes = {
					E3FDDE301E2FED67002666D3 = {
						CreatedOnToolsVersion = 8.2.1;
						DevelopmentTeam = 66E473LLXA;
						ProvisioningStyle = Automatic;
					};
					E3FDDE441E2FED68002666D3 = {
						CreatedOnToolsVersion = 8.2.1;
						DevelopmentTeam = F97K3V2UP7;
						ProvisioningStyle = Automatic;
						TestTargetID = E3FDDE301E2FED67002666D3;
					};
				};
			};
			buildConfigurationList = E3FDDE2C1E2FED67002666D3 /* Build configuration list for PBXProject "OneMarket" */;
			compatibilityVersion = "Xcode 3.2";
			developmentRegion = English;
			hasScannedForEncodings = 0;
			knownRegions = (
				en,
				Base,
			);
			mainGroup = E3FDDE281E2FED67002666D3;
			productRefGroup = E3FDDE321E2FED68002666D3 /* Products */;
			projectDirPath = "";
			projectRoot = "";
			targets = (
				E3FDDE301E2FED67002666D3 /* OneMarket */,
				E3FDDE441E2FED68002666D3 /* OneMarketTests */,
			);
		};
/* End PBXProject section */

/* Begin PBXResourcesBuildPhase section */
		E3FDDE2F1E2FED67002666D3 /* Resources */ = {
			isa = PBXResourcesBuildPhase;
			buildActionMask = 2147483647;
			files = (
				E3FDDE3F1E2FED68002666D3 /* LaunchScreen.storyboard in Resources */,
				E3FDDE3C1E2FED68002666D3 /* Assets.xcassets in Resources */,
				E3FDDE3A1E2FED68002666D3 /* Main.storyboard in Resources */,
			);
			runOnlyForDeploymentPostprocessing = 0;
		};
		E3FDDE431E2FED68002666D3 /* Resources */ = {
			isa = PBXResourcesBuildPhase;
			buildActionMask = 2147483647;
			files = (
			);
			runOnlyForDeploymentPostprocessing = 0;
		};
/* End PBXResourcesBuildPhase section */

/* Begin PBXSourcesBuildPhase section */
		E3FDDE2D1E2FED67002666D3 /* Sources */ = {
			isa = PBXSourcesBuildPhase;
			buildActionMask = 2147483647;
			files = (
				F1A809AE1E30269A004DC2C6 /* ItemEditVC.swift in Sources */,
				F1A809B91E303351004DC2C6 /* Item.swift in Sources */,
				E3FDDE371E2FED68002666D3 /* ItemListVC.swift in Sources */,
				F1A809B11E302F42004DC2C6 /* SegueId.swift in Sources */,
				E3FDDE351E2FED68002666D3 /* AppDelegate.swift in Sources */,
				F1A809B61E3031C5004DC2C6 /* ItemService.swift in Sources */,
				F1A809B31E302FB1004DC2C6 /* CellId.swift in Sources */,
				F1016F811E2FF3BD000BBD63 /* ItemDetailsVC.swift in Sources */,
				F13C66FE1E2FF66100443D0E /* ItemAddVC.swift in Sources */,
			);
			runOnlyForDeploymentPostprocessing = 0;
		};
		E3FDDE411E2FED68002666D3 /* Sources */ = {
			isa = PBXSourcesBuildPhase;
			buildActionMask = 2147483647;
			files = (
				E3FDDE4A1E2FED68002666D3 /* OneMarketTests.swift in Sources */,
			);
			runOnlyForDeploymentPostprocessing = 0;
		};
/* End PBXSourcesBuildPhase section */

/* Begin PBXTargetDependency section */
		E3FDDE471E2FED68002666D3 /* PBXTargetDependency */ = {
			isa = PBXTargetDependency;
			target = E3FDDE301E2FED67002666D3 /* OneMarket */;
			targetProxy = E3FDDE461E2FED68002666D3 /* PBXContainerItemProxy */;
		};
/* End PBXTargetDependency section */

/* Begin PBXVariantGroup section */
		E3FDDE381E2FED68002666D3 /* Main.storyboard */ = {
			isa = PBXVariantGroup;
			children = (
				E3FDDE391E2FED68002666D3 /* Base */,
			);
			name = Main.storyboard;
			sourceTree = "<group>";
		};
		E3FDDE3D1E2FED68002666D3 /* LaunchScreen.storyboard */ = {
			isa = PBXVariantGroup;
			children = (
				E3FDDE3E1E2FED68002666D3 /* Base */,
			);
			name = LaunchScreen.storyboard;
			sourceTree = "<group>";
		};
/* End PBXVariantGroup section */

/* Begin XCBuildConfiguration section */
		E3FDDE4C1E2FED68002666D3 /* Debug */ = {
			isa = XCBuildConfiguration;
			buildSettings = {
				ALWAYS_SEARCH_USER_PATHS = NO;
				CLANG_ANALYZER_NONNULL = YES;
				CLANG_CXX_LANGUAGE_STANDARD = "gnu++0x";
				CLANG_CXX_LIBRARY = "libc++";
				CLANG_ENABLE_MODULES = YES;
				CLANG_ENABLE_OBJC_ARC = YES;
				CLANG_WARN_BOOL_CONVERSION = YES;
				CLANG_WARN_CONSTANT_CONVERSION = YES;
				CLANG_WARN_DIRECT_OBJC_ISA_USAGE = YES_ERROR;
				CLANG_WARN_DOCUMENTATION_COMMENTS = YES;
				CLANG_WARN_EMPTY_BODY = YES;
				CLANG_WARN_ENUM_CONVERSION = YES;
				CLANG_WARN_INFINITE_RECURSION = YES;
				CLANG_WARN_INT_CONVERSION = YES;
				CLANG_WARN_OBJC_ROOT_CLASS = YES_ERROR;
				CLANG_WARN_SUSPICIOUS_MOVE = YES;
				CLANG_WARN_UNREACHABLE_CODE = YES;
				CLANG_WARN__DUPLICATE_METHOD_MATCH = YES;
				"CODE_SIGN_IDENTITY[sdk=iphoneos*]" = "iPhone Developer";
				COPY_PHASE_STRIP = NO;
				DEBUG_INFORMATION_FORMAT = dwarf;
				ENABLE_STRICT_OBJC_MSGSEND = YES;
				ENABLE_TESTABILITY = YES;
				GCC_C_LANGUAGE_STANDARD = gnu99;
				GCC_DYNAMIC_NO_PIC = NO;
				GCC_NO_COMMON_BLOCKS = YES;
				GCC_OPTIMIZATION_LEVEL = 0;
				GCC_PREPROCESSOR_DEFINITIONS = (
					"DEBUG=1",
					"$(inherited)",
				);
				GCC_WARN_64_TO_32_BIT_CONVERSION = YES;
				GCC_WARN_ABOUT_RETURN_TYPE = YES_ERROR;
				GCC_WARN_UNDECLARED_SELECTOR = YES;
				GCC_WARN_UNINITIALIZED_AUTOS = YES_AGGRESSIVE;
				GCC_WARN_UNUSED_FUNCTION = YES;
				GCC_WARN_UNUSED_VARIABLE = YES;
				IPHONEOS_DEPLOYMENT_TARGET = 10.2;
				MTL_ENABLE_DEBUG_INFO = YES;
				ONLY_ACTIVE_ARCH = YES;
				SDKROOT = iphoneos;
				SWIFT_ACTIVE_COMPILATION_CONDITIONS = DEBUG;
				SWIFT_OPTIMIZATION_LEVEL = "-Onone";
				TARGETED_DEVICE_FAMILY = "1,2";
			};
			name = Debug;
		};
		E3FDDE4D1E2FED68002666D3 /* Release */ = {
			isa = XCBuildConfiguration;
			buildSettings = {
				ALWAYS_SEARCH_USER_PATHS = NO;
				CLANG_ANALYZER_NONNULL = YES;
				CLANG_CXX_LANGUAGE_STANDARD = "gnu++0x";
				CLANG_CXX_LIBRARY = "libc++";
				CLANG_ENABLE_MODULES = YES;
				CLANG_ENABLE_OBJC_ARC = YES;
				CLANG_WARN_BOOL_CONVERSION = YES;
				CLANG_WARN_CONSTANT_CONVERSION = YES;
				CLANG_WARN_DIRECT_OBJC_ISA_USAGE = YES_ERROR;
				CLANG_WARN_DOCUMENTATION_COMMENTS = YES;
				CLANG_WARN_EMPTY_BODY = YES;
				CLANG_WARN_ENUM_CONVERSION = YES;
				CLANG_WARN_INFINITE_RECURSION = YES;
				CLANG_WARN_INT_CONVERSION = YES;
				CLANG_WARN_OBJC_ROOT_CLASS = YES_ERROR;
				CLANG_WARN_SUSPICIOUS_MOVE = YES;
				CLANG_WARN_UNREACHABLE_CODE = YES;
				CLANG_WARN__DUPLICATE_METHOD_MATCH = YES;
				"CODE_SIGN_IDENTITY[sdk=iphoneos*]" = "iPhone Developer";
				COPY_PHASE_STRIP = NO;
				DEBUG_INFORMATION_FORMAT = "dwarf-with-dsym";
				ENABLE_NS_ASSERTIONS = NO;
				ENABLE_STRICT_OBJC_MSGSEND = YES;
				GCC_C_LANGUAGE_STANDARD = gnu99;
				GCC_NO_COMMON_BLOCKS = YES;
				GCC_WARN_64_TO_32_BIT_CONVERSION = YES;
				GCC_WARN_ABOUT_RETURN_TYPE = YES_ERROR;
				GCC_WARN_UNDECLARED_SELECTOR = YES;
				GCC_WARN_UNINITIALIZED_AUTOS = YES_AGGRESSIVE;
				GCC_WARN_UNUSED_FUNCTION = YES;
				GCC_WARN_UNUSED_VARIABLE = YES;
				IPHONEOS_DEPLOYMENT_TARGET = 10.2;
				MTL_ENABLE_DEBUG_INFO = NO;
				SDKROOT = iphoneos;
				SWIFT_OPTIMIZATION_LEVEL = "-Owholemodule";
				TARGETED_DEVICE_FAMILY = "1,2";
				VALIDATE_PRODUCT = YES;
			};
			name = Release;
		};
		E3FDDE4F1E2FED68002666D3 /* Debug */ = {
			isa = XCBuildConfiguration;
			buildSettings = {
				ASSETCATALOG_COMPILER_APPICON_NAME = AppIcon;
				"CODE_SIGN_IDENTITY[sdk=iphoneos*]" = "iPhone Developer";
				DEVELOPMENT_TEAM = 66E473LLXA;
				INFOPLIST_FILE = OneMarket/Info.plist;
				LD_RUNPATH_SEARCH_PATHS = "$(inherited) @executable_path/Frameworks";
				PRODUCT_BUNDLE_IDENTIFIER = com.flyingjar.OneMarket;
				PRODUCT_NAME = "$(TARGET_NAME)";
				SWIFT_VERSION = 3.0;
			};
			name = Debug;
		};
		E3FDDE501E2FED68002666D3 /* Release */ = {
			isa = XCBuildConfiguration;
			buildSettings = {
				ASSETCATALOG_COMPILER_APPICON_NAME = AppIcon;
				"CODE_SIGN_IDENTITY[sdk=iphoneos*]" = "iPhone Developer";
				DEVELOPMENT_TEAM = 66E473LLXA;
				INFOPLIST_FILE = OneMarket/Info.plist;
				LD_RUNPATH_SEARCH_PATHS = "$(inherited) @executable_path/Frameworks";
				PRODUCT_BUNDLE_IDENTIFIER = com.flyingjar.OneMarket;
				PRODUCT_NAME = "$(TARGET_NAME)";
				SWIFT_VERSION = 3.0;
			};
			name = Release;
		};
		E3FDDE521E2FED68002666D3 /* Debug */ = {
			isa = XCBuildConfiguration;
			buildSettings = {
				ALWAYS_EMBED_SWIFT_STANDARD_LIBRARIES = YES;
				BUNDLE_LOADER = "$(TEST_HOST)";
				DEVELOPMENT_TEAM = F97K3V2UP7;
				INFOPLIST_FILE = OneMarketTests/Info.plist;
				LD_RUNPATH_SEARCH_PATHS = "$(inherited) @executable_path/Frameworks @loader_path/Frameworks";
				PRODUCT_BUNDLE_IDENTIFIER = com.flyingjar.OneMarketTests;
				PRODUCT_NAME = "$(TARGET_NAME)";
				SWIFT_VERSION = 3.0;
				TEST_HOST = "$(BUILT_PRODUCTS_DIR)/OneMarket.app/OneMarket";
			};
			name = Debug;
		};
		E3FDDE531E2FED68002666D3 /* Release */ = {
			isa = XCBuildConfiguration;
			buildSettings = {
				ALWAYS_EMBED_SWIFT_STANDARD_LIBRARIES = YES;
				BUNDLE_LOADER = "$(TEST_HOST)";
				DEVELOPMENT_TEAM = F97K3V2UP7;
				INFOPLIST_FILE = OneMarketTests/Info.plist;
				LD_RUNPATH_SEARCH_PATHS = "$(inherited) @executable_path/Frameworks @loader_path/Frameworks";
				PRODUCT_BUNDLE_IDENTIFIER = com.flyingjar.OneMarketTests;
				PRODUCT_NAME = "$(TARGET_NAME)";
				SWIFT_VERSION = 3.0;
				TEST_HOST = "$(BUILT_PRODUCTS_DIR)/OneMarket.app/OneMarket";
			};
			name = Release;
		};
/* End XCBuildConfiguration section */

/* Begin XCConfigurationList section */
		E3FDDE2C1E2FED67002666D3 /* Build configuration list for PBXProject "OneMarket" */ = {
			isa = XCConfigurationList;
			buildConfigurations = (
				E3FDDE4C1E2FED68002666D3 /* Debug */,
				E3FDDE4D1E2FED68002666D3 /* Release */,
			);
			defaultConfigurationIsVisible = 0;
			defaultConfigurationName = Release;
		};
		E3FDDE4E1E2FED68002666D3 /* Build configuration list for PBXNativeTarget "OneMarket" */ = {
			isa = XCConfigurationList;
			buildConfigurations = (
				E3FDDE4F1E2FED68002666D3 /* Debug */,
				E3FDDE501E2FED68002666D3 /* Release */,
			);
			defaultConfigurationIsVisible = 0;
			defaultConfigurationName = Release;
		};
		E3FDDE511E2FED68002666D3 /* Build configuration list for PBXNativeTarget "OneMarketTests" */ = {
			isa = XCConfigurationList;
			buildConfigurations = (
				E3FDDE521E2FED68002666D3 /* Debug */,
				E3FDDE531E2FED68002666D3 /* Release */,
			);
			defaultConfigurationIsVisible = 0;
			defaultConfigurationName = Release;
		};
/* End XCConfigurationList section */
	};
	rootObject = E3FDDE291E2FED67002666D3 /* Project object */;
}
